
Microsoft Visual Studio Solution File, Format Version 12.00
# Visual Studio Version 16
VisualStudioVersion = 16.0.31515.178
MinimumVisualStudioVersion = 10.0.40219.1
Project("{FAE04EC0-301F-11D3-BF4B-00C04F79EFBC}") = "RecursiveNestedGroupSearch", "RecursiveNestedGroupSearch\RecursiveNestedGroupSearch.csproj", "{95B320C1-0F55-4B4A-ACF3-97E2312A3BC0}"
EndProject
Global
	GlobalSection(SolutionConfigurationPlatforms) = preSolution
		Debug|Any CPU = Debug|Any CPU
		Release|Any CPU = Release|Any CPU
	EndGlobalSection
	GlobalSection(ProjectConfigurationPlatforms) = postSolution
		{95B320C1-0F55-4B4A-ACF3-97E2312A3BC0}.Debug|Any CPU.ActiveCfg = Debug|Any CPU
		{95B320C1-0F55-4B4A-ACF3-97E2312A3BC0}.Debug|Any CPU.Build.0 = Debug|Any CPU
		{95B320C1-0F55-4B4A-ACF3-97E2312A3BC0}.Release|Any CPU.ActiveCfg = Release|Any CPU
		{95B320C1-0F55-4B4A-ACF3-97E2312A3BC0}.Release|Any CPU.Build.0 = Release|Any CPU
	EndGlobalSection
	GlobalSection(SolutionProperties) = preSolution
		HideSolutionNode = FALSE
	EndGlobalSection
	GlobalSection(ExtensibilityGlobals) = postSolution
		SolutionGuid = {1D73FB6A-FABC-4E62-853C-63EBF1934E94}
	EndGlobalSection
EndGlobal
